
Microsoft Visual Studio Solution File, Format Version 12.00
# Visual Studio Version 16
VisualStudioVersion = 16.0.31321.278
MinimumVisualStudioVersion = 10.0.40219.1
Project("{8BC9CEB8-8B4A-11D0-8D11-00A0C91BC942}") = "chaperone_renderer", "chaperone_renderer.vcxproj", "{80A59960-39C2-4D4D-87CA-7574EB9DD0C4}"
EndProject
Global
	GlobalSection(SolutionConfigurationPlatforms) = preSolution
		Debug|x64 = Debug|x64
		Debug|x86 = Debug|x86
		Release|x64 = Release|x64
		Release|x86 = Release|x86
	EndGlobalSection
	GlobalSection(ProjectConfigurationPlatforms) = postSolution
		{80A59960-39C2-4D4D-87CA-7574EB9DD0C4}.Debug|x64.ActiveCfg = Debug|x64
		{80A59960-39C2-4D4D-87CA-7574EB9DD0C4}.Debug|x64.Build.0 = Debug|x64
		{80A59960-39C2-4D4D-87CA-7574EB9DD0C4}.Debug|x86.ActiveCfg = Debug|Win32
		{80A59960-39C2-4D4D-87CA-7574EB9DD0C4}.Debug|x86.Build.0 = Debug|Win32
		{80A59960-39C2-4D4D-87CA-7574EB9DD0C4}.Release|x64.ActiveCfg = Release|x64
		{80A59960-39C2-4D4D-87CA-7574EB9DD0C4}.Release|x64.Build.0 = Release|x64
		{80A59960-39C2-4D4D-87CA-7574EB9DD0C4}.Release|x86.ActiveCfg = Release|Win32
		{80A59960-39C2-4D4D-87CA-7574EB9DD0C4}.Release|x86.Build.0 = Release|Win32
	EndGlobalSection
	GlobalSection(SolutionProperties) = preSolution
		HideSolutionNode = FALSE
	EndGlobalSection
	GlobalSection(ExtensibilityGlobals) = postSolution
		SolutionGuid = {7699BCCD-73EE-431C-A3CA-0CFE5A9A9289}
	EndGlobalSection
EndGlobal
